
Microsoft Visual Studio Solution File, Format Version 12.00
# Visual Studio Version 16
VisualStudioVersion = 16.0.31729.503
MinimumVisualStudioVersion = 10.0.40219.1
Project("{9A19103F-16F7-4668-BE54-9A1E7A4F7556}") = "CarRentalManagement.Server", "CarRentalManagement\Server\CarRentalManagement.Server.csproj", "{22A08922-3086-41ED-96A7-E4C4BC9FCD78}"
EndProject
Project("{9A19103F-16F7-4668-BE54-9A1E7A4F7556}") = "CarRentalManagement.Client", "CarRentalManagement\Client\CarRentalManagement.Client.csproj", "{F1BC2F11-20E1-437A-A3DD-76E84035099E}"
EndProject
Project("{9A19103F-16F7-4668-BE54-9A1E7A4F7556}") = "CarRentalManagement.Shared", "CarRentalManagement\Shared\CarRentalManagement.Shared.csproj", "{5D5FC3EE-686D-4FB3-9DA1-5EBC45F8FC7B}"
EndProject
Global
	GlobalSection(SolutionConfigurationPlatforms) = preSolution
		Debug|Any CPU = Debug|Any CPU
		Release|Any CPU = Release|Any CPU
	EndGlobalSection
	GlobalSection(ProjectConfigurationPlatforms) = postSolution
		{22A08922-3086-41ED-96A7-E4C4BC9FCD78}.Debug|Any CPU.ActiveCfg = Debug|Any CPU
		{22A08922-3086-41ED-96A7-E4C4BC9FCD78}.Debug|Any CPU.Build.0 = Debug|Any CPU
		{22A08922-3086-41ED-96A7-E4C4BC9FCD78}.Release|Any CPU.ActiveCfg = Release|Any CPU
		{22A08922-3086-41ED-96A7-E4C4BC9FCD78}.Release|Any CPU.Build.0 = Release|Any CPU
		{F1BC2F11-20E1-437A-A3DD-76E84035099E}.Debug|Any CPU.ActiveCfg = Debug|Any CPU
		{F1BC2F11-20E1-437A-A3DD-76E84035099E}.Debug|Any CPU.Build.0 = Debug|Any CPU
		{F1BC2F11-20E1-437A-A3DD-76E84035099E}.Release|Any CPU.ActiveCfg = Release|Any CPU
		{F1BC2F11-20E1-437A-A3DD-76E84035099E}.Release|Any CPU.Build.0 = Release|Any CPU
		{5D5FC3EE-686D-4FB3-9DA1-5EBC45F8FC7B}.Debug|Any CPU.ActiveCfg = Debug|Any CPU
		{5D5FC3EE-686D-4FB3-9DA1-5EBC45F8FC7B}.Debug|Any CPU.Build.0 = Debug|Any CPU
		{5D5FC3EE-686D-4FB3-9DA1-5EBC45F8FC7B}.Release|Any CPU.ActiveCfg = Release|Any CPU
		{5D5FC3EE-686D-4FB3-9DA1-5EBC45F8FC7B}.Release|Any CPU.Build.0 = Release|Any CPU
	EndGlobalSection
	GlobalSection(SolutionProperties) = preSolution
		HideSolutionNode = FALSE
	EndGlobalSection
	GlobalSection(ExtensibilityGlobals) = postSolution
		SolutionGuid = {512D74BD-1367-4D45-87D2-BCE70E10EB8E}
	EndGlobalSection
EndGlobal
